schema: '2.0'
stages:
  prepare_data:
    cmd: python src/stage_01_prepare.py --config=configs/config.yaml --params=params.yaml
    deps:
    - path: configs/config.yaml
      md5: ec37e98c9ccaf87706a60597a8c594d3
      size: 328
    - path: data/data.xml
      md5: a304afb96060aad90176268345e10355
      size: 37891850
    - path: src/stage_01_prepare.py
      md5: 594143c29c5b4d4f895548bee96da89a
      size: 2056
    - path: src/utils/common.py
      md5: f97008e907c7c0ab49c83cf819e64753
      size: 828
    - path: src/utils/data_mgmt.py
      md5: 6a86fff1eb5a10c2db6680ecc08bf60b
      size: 870
    params:
      params.yaml:
        prepare.seed: 2021
        prepare.split: 0.2
    outs:
    - path: artifacts/prepared/test.tsv
      md5: 60c757f3b30604473de7fa775dfc00d9
      size: 4899778
    - path: artifacts/prepared/train.tsv
      md5: 553034c4cf40efc63c99c19fe98610d0
      size: 18986541
  featurize:
    cmd: python src/stage_02_featurization.py --config=configs/config.yaml --params=params.yaml
    deps:
    - path: artifacts/prepared/test.tsv
      md5: 60c757f3b30604473de7fa775dfc00d9
      size: 4899778
    - path: artifacts/prepared/train.tsv
      md5: 553034c4cf40efc63c99c19fe98610d0
      size: 18986541
    - path: configs/config.yaml
      md5: ec37e98c9ccaf87706a60597a8c594d3
      size: 328
    - path: src/stage_02_featurization.py
      md5: bc0fbc019e53b0262b59bc2b6c8eff71
      size: 2918
    - path: src/utils/common.py
      md5: f97008e907c7c0ab49c83cf819e64753
      size: 828
    - path: src/utils/featurize.py
      md5: 91d515f8a5c06f0d0c055c0f3b6b3125
      size: 516
    params:
      params.yaml:
        featurize.max_features: 3000
        featurize.ngrams: 2
    outs:
    - path: artifacts/features/test.pkl
      md5: 81164fa4daecfc05da4ad928f4144482
      size: 2597441
    - path: artifacts/features/train.pkl
      md5: 30c0f34f19273c212412655d72e44c2a
      size: 10134729
